
Microsoft Visual Studio Solution File, Format Version 12.00
# Visual Studio Version 17
VisualStudioVersion = 17.7.34202.233
MinimumVisualStudioVersion = 10.0.40219.1
Project("{FAE04EC0-301F-11D3-BF4B-00C04F79EFBC}") = "projekt_kulki", "projekt_kulki\projekt_kulki.csproj", "{BB5CD76C-B40C-4D67-8642-E2A3973E9CC6}"
EndProject
Global
	GlobalSection(SolutionConfigurationPlatforms) = preSolution
		Debug|Any CPU = Debug|Any CPU
		Release|Any CPU = Release|Any CPU
	EndGlobalSection
	GlobalSection(ProjectConfigurationPlatforms) = postSolution
		{BB5CD76C-B40C-4D67-8642-E2A3973E9CC6}.Debug|Any CPU.ActiveCfg = Debug|Any CPU
		{BB5CD76C-B40C-4D67-8642-E2A3973E9CC6}.Debug|Any CPU.Build.0 = Debug|Any CPU
		{BB5CD76C-B40C-4D67-8642-E2A3973E9CC6}.Release|Any CPU.ActiveCfg = Release|Any CPU
		{BB5CD76C-B40C-4D67-8642-E2A3973E9CC6}.Release|Any CPU.Build.0 = Release|Any CPU
	EndGlobalSection
	GlobalSection(SolutionProperties) = preSolution
		HideSolutionNode = FALSE
	EndGlobalSection
	GlobalSection(ExtensibilityGlobals) = postSolution
		SolutionGuid = {6EAF74F0-1AB2-48DC-BF2A-9965EB7667BD}
	EndGlobalSection
EndGlobal
